
Microsoft Visual Studio Solution File, Format Version 12.00
# Visual Studio Version 16
VisualStudioVersion = 16.0.29001.49
MinimumVisualStudioVersion = 10.0.40219.1
Project("{FAE04EC0-301F-11D3-BF4B-00C04F79EFBC}") = "봉순봇", "JustFlick\봉순봇.csproj", "{EA855081-B2BC-4318-B7F3-E1BE7EE44F53}"
EndProject
Global
	GlobalSection(SolutionConfigurationPlatforms) = preSolution
		Debug|Any CPU = Debug|Any CPU
		Debug|x64 = Debug|x64
		Release|Any CPU = Release|Any CPU
		Release|x64 = Release|x64
	EndGlobalSection
	GlobalSection(ProjectConfigurationPlatforms) = postSolution
		{EA855081-B2BC-4318-B7F3-E1BE7EE44F53}.Debug|Any CPU.ActiveCfg = Debug|Any CPU
		{EA855081-B2BC-4318-B7F3-E1BE7EE44F53}.Debug|Any CPU.Build.0 = Debug|Any CPU
		{EA855081-B2BC-4318-B7F3-E1BE7EE44F53}.Debug|x64.ActiveCfg = Debug|x64
		{EA855081-B2BC-4318-B7F3-E1BE7EE44F53}.Debug|x64.Build.0 = Debug|x64
		{EA855081-B2BC-4318-B7F3-E1BE7EE44F53}.Release|Any CPU.ActiveCfg = Release|Any CPU
		{EA855081-B2BC-4318-B7F3-E1BE7EE44F53}.Release|Any CPU.Build.0 = Release|Any CPU
		{EA855081-B2BC-4318-B7F3-E1BE7EE44F53}.Release|x64.ActiveCfg = Release|x64
		{EA855081-B2BC-4318-B7F3-E1BE7EE44F53}.Release|x64.Build.0 = Release|x64
	EndGlobalSection
	GlobalSection(SolutionProperties) = preSolution
		HideSolutionNode = FALSE
	EndGlobalSection
	GlobalSection(ExtensibilityGlobals) = postSolution
		SolutionGuid = {30A84C8C-89AB-40A0-9F1A-0876D637A076}
	EndGlobalSection
EndGlobal
